
Microsoft Visual Studio Solution File, Format Version 12.00
# Visual Studio Version 16
VisualStudioVersion = 16.0.30907.101
MinimumVisualStudioVersion = 10.0.40219.1
Project("{9A19103F-16F7-4668-BE54-9A1E7A4F7556}") = "MyDictionary", "MyDictionary.csproj", "{912A7352-B83A-495D-99C4-B47F70B6E6F2}"
EndProject
Project("{9A19103F-16F7-4668-BE54-9A1E7A4F7556}") = "Bank", "..\Bank\Bank.csproj", "{1E898994-320D-432F-B6FD-B22ECE322A58}"
EndProject
Project("{FAE04EC0-301F-11D3-BF4B-00C04F79EFBC}") = "Chess", "..\Chess\Chess.csproj", "{1636C4AA-DCA2-48EF-BF31-34123C0FF840}"
EndProject
Project("{FAE04EC0-301F-11D3-BF4B-00C04F79EFBC}") = "GameStore", "..\Game\GameStore.csproj", "{4383EB8C-1C0F-4830-B9D2-A60E2A04F4BF}"
EndProject
Global
	GlobalSection(SolutionConfigurationPlatforms) = preSolution
		Debug|Any CPU = Debug|Any CPU
		Release|Any CPU = Release|Any CPU
	EndGlobalSection
	GlobalSection(ProjectConfigurationPlatforms) = postSolution
		{912A7352-B83A-495D-99C4-B47F70B6E6F2}.Debug|Any CPU.ActiveCfg = Debug|Any CPU
		{912A7352-B83A-495D-99C4-B47F70B6E6F2}.Debug|Any CPU.Build.0 = Debug|Any CPU
		{912A7352-B83A-495D-99C4-B47F70B6E6F2}.Release|Any CPU.ActiveCfg = Release|Any CPU
		{912A7352-B83A-495D-99C4-B47F70B6E6F2}.Release|Any CPU.Build.0 = Release|Any CPU
		{1E898994-320D-432F-B6FD-B22ECE322A58}.Debug|Any CPU.ActiveCfg = Debug|Any CPU
		{1E898994-320D-432F-B6FD-B22ECE322A58}.Debug|Any CPU.Build.0 = Debug|Any CPU
		{1E898994-320D-432F-B6FD-B22ECE322A58}.Release|Any CPU.ActiveCfg = Release|Any CPU
		{1E898994-320D-432F-B6FD-B22ECE322A58}.Release|Any CPU.Build.0 = Release|Any CPU
		{1636C4AA-DCA2-48EF-BF31-34123C0FF840}.Debug|Any CPU.ActiveCfg = Debug|Any CPU
		{1636C4AA-DCA2-48EF-BF31-34123C0FF840}.Debug|Any CPU.Build.0 = Debug|Any CPU
		{1636C4AA-DCA2-48EF-BF31-34123C0FF840}.Release|Any CPU.ActiveCfg = Release|Any CPU
		{1636C4AA-DCA2-48EF-BF31-34123C0FF840}.Release|Any CPU.Build.0 = Release|Any CPU
		{4383EB8C-1C0F-4830-B9D2-A60E2A04F4BF}.Debug|Any CPU.ActiveCfg = Debug|Any CPU
		{4383EB8C-1C0F-4830-B9D2-A60E2A04F4BF}.Debug|Any CPU.Build.0 = Debug|Any CPU
		{4383EB8C-1C0F-4830-B9D2-A60E2A04F4BF}.Release|Any CPU.ActiveCfg = Release|Any CPU
		{4383EB8C-1C0F-4830-B9D2-A60E2A04F4BF}.Release|Any CPU.Build.0 = Release|Any CPU
	EndGlobalSection
	GlobalSection(SolutionProperties) = preSolution
		HideSolutionNode = FALSE
	EndGlobalSection
	GlobalSection(ExtensibilityGlobals) = postSolution
		SolutionGuid = {6E15D9C1-CB76-4CBF-BA4E-F66F6FAA42C3}
	EndGlobalSection
EndGlobal
